
Microsoft Visual Studio Solution File, Format Version 12.00
# Visual Studio Version 16
VisualStudioVersion = 16.0.30611.23
MinimumVisualStudioVersion = 10.0.40219.1
Project("{9A19103F-16F7-4668-BE54-9A1E7A4F7556}") = "push", "src\push.csproj", "{E0410DD8-BD6F-4C5A-A5B7-39F7502195B1}"
EndProject
Global
	GlobalSection(SolutionConfigurationPlatforms) = preSolution
		Debug|Any CPU = Debug|Any CPU
		Release|Any CPU = Release|Any CPU
	EndGlobalSection
	GlobalSection(ProjectConfigurationPlatforms) = postSolution
		{E0410DD8-BD6F-4C5A-A5B7-39F7502195B1}.Debug|Any CPU.ActiveCfg = Debug|Any CPU
		{E0410DD8-BD6F-4C5A-A5B7-39F7502195B1}.Debug|Any CPU.Build.0 = Debug|Any CPU
		{E0410DD8-BD6F-4C5A-A5B7-39F7502195B1}.Release|Any CPU.ActiveCfg = Release|Any CPU
		{E0410DD8-BD6F-4C5A-A5B7-39F7502195B1}.Release|Any CPU.Build.0 = Release|Any CPU
	EndGlobalSection
	GlobalSection(SolutionProperties) = preSolution
		HideSolutionNode = FALSE
	EndGlobalSection
	GlobalSection(ExtensibilityGlobals) = postSolution
		SolutionGuid = {2AE4FECE-5529-4AD4-9C16-29321D1E2730}
	EndGlobalSection
EndGlobal
